// !$*UTF8*$!
{
	archiveVersion = 1;
	classes = {
	};
	objectVersion = 56;
	objects = {

/* Begin PBXBuildFile section */
		82157B452C47D06F0053472A /* CryptoAppApp.swift in Sources */ = {isa = PBXBuildFile; fileRef = 82157B442C47D06F0053472A /* CryptoAppApp.swift */; };
		82157B492C47D0700053472A /* Assets.xcassets in Resources */ = {isa = PBXBuildFile; fileRef = 82157B482C47D0700053472A /* Assets.xcassets */; };
		82157B4C2C47D0700053472A /* Preview Assets.xcassets in Resources */ = {isa = PBXBuildFile; fileRef = 82157B4B2C47D0700053472A /* Preview Assets.xcassets */; };
		821FB61A2C524E6200418311 /* PortfolioContainer.xcdatamodeld in Sources */ = {isa = PBXBuildFile; fileRef = 821FB6182C524E6200418311 /* PortfolioContainer.xcdatamodeld */; };
		821FB61C2C524F3F00418311 /* PortfolioDataService.swift in Sources */ = {isa = PBXBuildFile; fileRef = 821FB61B2C524F3F00418311 /* PortfolioDataService.swift */; };
		827FE89E2C54FDEF00AE9A8C /* HapticManager.swift in Sources */ = {isa = PBXBuildFile; fileRef = 827FE89D2C54FDEF00AE9A8C /* HapticManager.swift */; };
		827FE8A32C55152500AE9A8C /* DetailView.swift in Sources */ = {isa = PBXBuildFile; fileRef = 827FE8A22C55152500AE9A8C /* DetailView.swift */; };
		827FE8A52C552CF900AE9A8C /* CoinDetailModel.swift in Sources */ = {isa = PBXBuildFile; fileRef = 827FE8A42C552CF900AE9A8C /* CoinDetailModel.swift */; };
		827FE8A72C55319900AE9A8C /* DetailViewModel.swift in Sources */ = {isa = PBXBuildFile; fileRef = 827FE8A62C55319900AE9A8C /* DetailViewModel.swift */; };
		827FE8A92C5531D000AE9A8C /* CoinDetailDataService.swift in Sources */ = {isa = PBXBuildFile; fileRef = 827FE8A82C5531D000AE9A8C /* CoinDetailDataService.swift */; };
		82AEF6992C4AA36C0086AF08 /* HomeView.swift in Sources */ = {isa = PBXBuildFile; fileRef = 82AEF6982C4AA36C0086AF08 /* HomeView.swift */; };
		82AEF69D2C4AA4EF0086AF08 /* CircleButtonView.swift in Sources */ = {isa = PBXBuildFile; fileRef = 82AEF69C2C4AA4EF0086AF08 /* CircleButtonView.swift */; };
		82AEF69F2C4AA8B20086AF08 /* CircleButtonAnimationView.swift in Sources */ = {isa = PBXBuildFile; fileRef = 82AEF69E2C4AA8B20086AF08 /* CircleButtonAnimationView.swift */; };
		82AEF6A22C4BB80D0086AF08 /* CoinModel.swift in Sources */ = {isa = PBXBuildFile; fileRef = 82AEF6A12C4BB80D0086AF08 /* CoinModel.swift */; };
		82AEF6A42C4BC1C10086AF08 /* CoinRowView.swift in Sources */ = {isa = PBXBuildFile; fileRef = 82AEF6A32C4BC1C10086AF08 /* CoinRowView.swift */; };
		82AEF6A62C4BC28C0086AF08 /* PreviewProvider.swift in Sources */ = {isa = PBXBuildFile; fileRef = 82AEF6A52C4BC28C0086AF08 /* PreviewProvider.swift */; };
		82AEF6A82C4BC8960086AF08 /* Double.swift in Sources */ = {isa = PBXBuildFile; fileRef = 82AEF6A72C4BC8960086AF08 /* Double.swift */; };
		82AEF6AA2C4BD2210086AF08 /* HomeViewModel.swift in Sources */ = {isa = PBXBuildFile; fileRef = 82AEF6A92C4BD2210086AF08 /* HomeViewModel.swift */; };
		82AEF6AD2C4BDBE20086AF08 /* CoinDataService.swift in Sources */ = {isa = PBXBuildFile; fileRef = 82AEF6AC2C4BDBE20086AF08 /* CoinDataService.swift */; };
		82AEF6B02C4BF5BA0086AF08 /* NetworkingManager.swift in Sources */ = {isa = PBXBuildFile; fileRef = 82AEF6AF2C4BF5BA0086AF08 /* NetworkingManager.swift */; };
		82AEF6B32C4BFC1F0086AF08 /* CoinImageView.swift in Sources */ = {isa = PBXBuildFile; fileRef = 82AEF6B22C4BFC1F0086AF08 /* CoinImageView.swift */; };
		82AEF6B52C4BFDE10086AF08 /* CoinImageService.swift in Sources */ = {isa = PBXBuildFile; fileRef = 82AEF6B42C4BFDE10086AF08 /* CoinImageService.swift */; };
		82AEF6B72C4BFFFD0086AF08 /* CoinImageViewModel.swift in Sources */ = {isa = PBXBuildFile; fileRef = 82AEF6B62C4BFFFD0086AF08 /* CoinImageViewModel.swift */; };
		82AEF6B92C4CC6550086AF08 /* LocalFileManager.swift in Sources */ = {isa = PBXBuildFile; fileRef = 82AEF6B82C4CC6550086AF08 /* LocalFileManager.swift */; };
		82AEF6BB2C4CD3F10086AF08 /* SearchBarView.swift in Sources */ = {isa = PBXBuildFile; fileRef = 82AEF6BA2C4CD3F10086AF08 /* SearchBarView.swift */; };
		82AEF6BD2C4CD9DB0086AF08 /* UIApplication.swift in Sources */ = {isa = PBXBuildFile; fileRef = 82AEF6BC2C4CD9DB0086AF08 /* UIApplication.swift */; };
		82AEF6BF2C4D0B990086AF08 /* StatisticModel.swift in Sources */ = {isa = PBXBuildFile; fileRef = 82AEF6BE2C4D0B990086AF08 /* StatisticModel.swift */; };
		82AEF6C12C4D0D2C0086AF08 /* StatisticView.swift in Sources */ = {isa = PBXBuildFile; fileRef = 82AEF6C02C4D0D2C0086AF08 /* StatisticView.swift */; };
		82AEF6C32C4D10610086AF08 /* HomeStatsView.swift in Sources */ = {isa = PBXBuildFile; fileRef = 82AEF6C22C4D10610086AF08 /* HomeStatsView.swift */; };
		82AEF6C52C4D12E50086AF08 /* MarketDataModel.swift in Sources */ = {isa = PBXBuildFile; fileRef = 82AEF6C42C4D12E50086AF08 /* MarketDataModel.swift */; };
		82AEF6C72C4D176B0086AF08 /* MarketDataService.swift in Sources */ = {isa = PBXBuildFile; fileRef = 82AEF6C62C4D176B0086AF08 /* MarketDataService.swift */; };
		82AEF6C92C4D2A1B0086AF08 /* PortfolioView.swift in Sources */ = {isa = PBXBuildFile; fileRef = 82AEF6C82C4D2A1B0086AF08 /* PortfolioView.swift */; };
		82AEF6CD2C4D2F850086AF08 /* CoinLogoView.swift in Sources */ = {isa = PBXBuildFile; fileRef = 82AEF6CC2C4D2F850086AF08 /* CoinLogoView.swift */; };
		82B414452C47E8E00069BEE3 /* Color.swift in Sources */ = {isa = PBXBuildFile; fileRef = 82B414442C47E8E00069BEE3 /* Color.swift */; };
		82CCCCEE2C564CE000EE93A9 /* ChartView.swift in Sources */ = {isa = PBXBuildFile; fileRef = 82CCCCED2C564CE000EE93A9 /* ChartView.swift */; };
		82CCCCF02C56545B00EE93A9 /* Date.swift in Sources */ = {isa = PBXBuildFile; fileRef = 82CCCCEF2C56545B00EE93A9 /* Date.swift */; };
		82CCCCF22C56691500EE93A9 /* String.swift in Sources */ = {isa = PBXBuildFile; fileRef = 82CCCCF12C56691500EE93A9 /* String.swift */; };
		82CCCCF62C567A9F00EE93A9 /* SettingView.swift in Sources */ = {isa = PBXBuildFile; fileRef = 82CCCCF52C567A9F00EE93A9 /* SettingView.swift */; };
		82CCCCF82C56848C00EE93A9 /* Launch Screen.storyboard in Resources */ = {isa = PBXBuildFile; fileRef = 82CCCCF72C56848C00EE93A9 /* Launch Screen.storyboard */; };
		82CCCCFC2C568DE500EE93A9 /* LaunchView.swift in Sources */ = {isa = PBXBuildFile; fileRef = 82CCCCFB2C568DE500EE93A9 /* LaunchView.swift */; };
/* End PBXBuildFile section */

/* Begin PBXFileReference section */
		82157B412C47D06F0053472A /* CryptoApp.app */ = {isa = PBXFileReference; explicitFileType = wrapper.application; includeInIndex = 0; path = CryptoApp.app; sourceTree = BUILT_PRODUCTS_DIR; };
		82157B442C47D06F0053472A /* CryptoAppApp.swift */ = {isa = PBXFileReference; lastKnownFileType = sourcecode.swift; path = CryptoAppApp.swift; sourceTree = "<group>"; };
		82157B482C47D0700053472A /* Assets.xcassets */ = {isa = PBXFileReference; lastKnownFileType = folder.assetcatalog; path = Assets.xcassets; sourceTree = "<group>"; };
		82157B4B2C47D0700053472A /* Preview Assets.xcassets */ = {isa = PBXFileReference; lastKnownFileType = folder.assetcatalog; path = "Preview Assets.xcassets"; sourceTree = "<group>"; };
		821FB6192C524E6200418311 /* PortfolioContainer.xcdatamodel */ = {isa = PBXFileReference; lastKnownFileType = wrapper.xcdatamodel; path = PortfolioContainer.xcdatamodel; sourceTree = "<group>"; };
		821FB61B2C524F3F00418311 /* PortfolioDataService.swift */ = {isa = PBXFileReference; lastKnownFileType = sourcecode.swift; path = PortfolioDataService.swift; sourceTree = "<group>"; };
		827FE89D2C54FDEF00AE9A8C /* HapticManager.swift */ = {isa = PBXFileReference; lastKnownFileType = sourcecode.swift; path = HapticManager.swift; sourceTree = "<group>"; };
		827FE8A22C55152500AE9A8C /* DetailView.swift */ = {isa = PBXFileReference; lastKnownFileType = sourcecode.swift; path = DetailView.swift; sourceTree = "<group>"; };
		827FE8A42C552CF900AE9A8C /* CoinDetailModel.swift */ = {isa = PBXFileReference; lastKnownFileType = sourcecode.swift; path = CoinDetailModel.swift; sourceTree = "<group>"; };
		827FE8A62C55319900AE9A8C /* DetailViewModel.swift */ = {isa = PBXFileReference; lastKnownFileType = sourcecode.swift; path = DetailViewModel.swift; sourceTree = "<group>"; };
		827FE8A82C5531D000AE9A8C /* CoinDetailDataService.swift */ = {isa = PBXFileReference; lastKnownFileType = sourcecode.swift; path = CoinDetailDataService.swift; sourceTree = "<group>"; };
		82AEF6982C4AA36C0086AF08 /* HomeView.swift */ = {isa = PBXFileReference; lastKnownFileType = sourcecode.swift; path = HomeView.swift; sourceTree = "<group>"; };
		82AEF69C2C4AA4EF0086AF08 /* CircleButtonView.swift */ = {isa = PBXFileReference; lastKnownFileType = sourcecode.swift; path = CircleButtonView.swift; sourceTree = "<group>"; };
		82AEF69E2C4AA8B20086AF08 /* CircleButtonAnimationView.swift */ = {isa = PBXFileReference; lastKnownFileType = sourcecode.swift; path = CircleButtonAnimationView.swift; sourceTree = "<group>"; };
		82AEF6A12C4BB80D0086AF08 /* CoinModel.swift */ = {isa = PBXFileReference; lastKnownFileType = sourcecode.swift; path = CoinModel.swift; sourceTree = "<group>"; };
		82AEF6A32C4BC1C10086AF08 /* CoinRowView.swift */ = {isa = PBXFileReference; lastKnownFileType = sourcecode.swift; path = CoinRowView.swift; sourceTree = "<group>"; };
		82AEF6A52C4BC28C0086AF08 /* PreviewProvider.swift */ = {isa = PBXFileReference; lastKnownFileType = sourcecode.swift; path = PreviewProvider.swift; sourceTree = "<group>"; };
		82AEF6A72C4BC8960086AF08 /* Double.swift */ = {isa = PBXFileReference; lastKnownFileType = sourcecode.swift; path = Double.swift; sourceTree = "<group>"; };
		82AEF6A92C4BD2210086AF08 /* HomeViewModel.swift */ = {isa = PBXFileReference; lastKnownFileType = sourcecode.swift; path = HomeViewModel.swift; sourceTree = "<group>"; };
		82AEF6AC2C4BDBE20086AF08 /* CoinDataService.swift */ = {isa = PBXFileReference; lastKnownFileType = sourcecode.swift; path = CoinDataService.swift; sourceTree = "<group>"; };
		82AEF6AF2C4BF5BA0086AF08 /* NetworkingManager.swift */ = {isa = PBXFileReference; lastKnownFileType = sourcecode.swift; path = NetworkingManager.swift; sourceTree = "<group>"; };
		82AEF6B22C4BFC1F0086AF08 /* CoinImageView.swift */ = {isa = PBXFileReference; lastKnownFileType = sourcecode.swift; path = CoinImageView.swift; sourceTree = "<group>"; };
		82AEF6B42C4BFDE10086AF08 /* CoinImageService.swift */ = {isa = PBXFileReference; lastKnownFileType = sourcecode.swift; path = CoinImageService.swift; sourceTree = "<group>"; };
		82AEF6B62C4BFFFD0086AF08 /* CoinImageViewModel.swift */ = {isa = PBXFileReference; lastKnownFileType = sourcecode.swift; path = CoinImageViewModel.swift; sourceTree = "<group>"; };
		82AEF6B82C4CC6550086AF08 /* LocalFileManager.swift */ = {isa = PBXFileReference; lastKnownFileType = sourcecode.swift; path = LocalFileManager.swift; sourceTree = "<group>"; };
		82AEF6BA2C4CD3F10086AF08 /* SearchBarView.swift */ = {isa = PBXFileReference; lastKnownFileType = sourcecode.swift; path = SearchBarView.swift; sourceTree = "<group>"; };
		82AEF6BC2C4CD9DB0086AF08 /* UIApplication.swift */ = {isa = PBXFileReference; lastKnownFileType = sourcecode.swift; path = UIApplication.swift; sourceTree = "<group>"; };
		82AEF6BE2C4D0B990086AF08 /* StatisticModel.swift */ = {isa = PBXFileReference; lastKnownFileType = sourcecode.swift; path = StatisticModel.swift; sourceTree = "<group>"; };
		82AEF6C02C4D0D2C0086AF08 /* StatisticView.swift */ = {isa = PBXFileReference; lastKnownFileType = sourcecode.swift; path = StatisticView.swift; sourceTree = "<group>"; };
		82AEF6C22C4D10610086AF08 /* HomeStatsView.swift */ = {isa = PBXFileReference; lastKnownFileType = sourcecode.swift; path = HomeStatsView.swift; sourceTree = "<group>"; };
		82AEF6C42C4D12E50086AF08 /* MarketDataModel.swift */ = {isa = PBXFileReference; lastKnownFileType = sourcecode.swift; path = MarketDataModel.swift; sourceTree = "<group>"; };
		82AEF6C62C4D176B0086AF08 /* MarketDataService.swift */ = {isa = PBXFileReference; lastKnownFileType = sourcecode.swift; path = MarketDataService.swift; sourceTree = "<group>"; };
		82AEF6C82C4D2A1B0086AF08 /* PortfolioView.swift */ = {isa = PBXFileReference; lastKnownFileType = sourcecode.swift; path = PortfolioView.swift; sourceTree = "<group>"; };
		82AEF6CC2C4D2F850086AF08 /* CoinLogoView.swift */ = {isa = PBXFileReference; lastKnownFileType = sourcecode.swift; path = CoinLogoView.swift; sourceTree = "<group>"; };
		82B414442C47E8E00069BEE3 /* Color.swift */ = {isa = PBXFileReference; lastKnownFileType = sourcecode.swift; path = Color.swift; sourceTree = "<group>"; };
		82CCCCED2C564CE000EE93A9 /* ChartView.swift */ = {isa = PBXFileReference; lastKnownFileType = sourcecode.swift; path = ChartView.swift; sourceTree = "<group>"; };
		82CCCCEF2C56545B00EE93A9 /* Date.swift */ = {isa = PBXFileReference; lastKnownFileType = sourcecode.swift; path = Date.swift; sourceTree = "<group>"; };
		82CCCCF12C56691500EE93A9 /* String.swift */ = {isa = PBXFileReference; lastKnownFileType = sourcecode.swift; path = String.swift; sourceTree = "<group>"; };
		82CCCCF52C567A9F00EE93A9 /* SettingView.swift */ = {isa = PBXFileReference; lastKnownFileType = sourcecode.swift; path = SettingView.swift; sourceTree = "<group>"; };
		82CCCCF72C56848C00EE93A9 /* Launch Screen.storyboard */ = {isa = PBXFileReference; lastKnownFileType = file.storyboard; path = "Launch Screen.storyboard"; sourceTree = "<group>"; };
		82CCCCFB2C568DE500EE93A9 /* LaunchView.swift */ = {isa = PBXFileReference; lastKnownFileType = sourcecode.swift; path = LaunchView.swift; sourceTree = "<group>"; };
/* End PBXFileReference section */

/* Begin PBXFrameworksBuildPhase section */
		82157B3E2C47D06F0053472A /* Frameworks */ = {
			isa = PBXFrameworksBuildPhase;
			buildActionMask = 2147483647;
			files = (
			);
			runOnlyForDeploymentPostprocessing = 0;
		};
/* End PBXFrameworksBuildPhase section */

/* Begin PBXGroup section */
		82157B382C47D06F0053472A = {
			isa = PBXGroup;
			children = (
				82157B432C47D06F0053472A /* CryptoApp */,
				82157B422C47D06F0053472A /* Products */,
			);
			sourceTree = "<group>";
		};
		82157B422C47D06F0053472A /* Products */ = {
			isa = PBXGroup;
			children = (
				82157B412C47D06F0053472A /* CryptoApp.app */,
			);
			name = Products;
			sourceTree = "<group>";
		};
		82157B432C47D06F0053472A /* CryptoApp */ = {
			isa = PBXGroup;
			children = (
				82AEF6AE2C4BF59D0086AF08 /* Utilities */,
				82AEF6AB2C4BDBAE0086AF08 /* Services */,
				82AEF6A02C4BB7EF0086AF08 /* Models */,
				82B414432C47E87A0069BEE3 /* Extensions */,
				82AEF6942C4AA3090086AF08 /* Core */,
				82B414422C47D5C90069BEE3 /* AppUtils */,
				82157B4A2C47D0700053472A /* Preview Content */,
			);
			path = CryptoApp;
			sourceTree = "<group>";
		};
		82157B4A2C47D0700053472A /* Preview Content */ = {
			isa = PBXGroup;
			children = (
				82157B4B2C47D0700053472A /* Preview Assets.xcassets */,
			);
			path = "Preview Content";
			sourceTree = "<group>";
		};
		827FE89F2C5514DD00AE9A8C /* Detail */ = {
			isa = PBXGroup;
			children = (
				827FE8A12C55150400AE9A8C /* ViewModel */,
				827FE8A02C5514FE00AE9A8C /* View */,
			);
			path = Detail;
			sourceTree = "<group>";
		};
		827FE8A02C5514FE00AE9A8C /* View */ = {
			isa = PBXGroup;
			children = (
				827FE8A22C55152500AE9A8C /* DetailView.swift */,
				82CCCCED2C564CE000EE93A9 /* ChartView.swift */,
			);
			path = View;
			sourceTree = "<group>";
		};
		827FE8A12C55150400AE9A8C /* ViewModel */ = {
			isa = PBXGroup;
			children = (
				827FE8A62C55319900AE9A8C /* DetailViewModel.swift */,
			);
			path = ViewModel;
			sourceTree = "<group>";
		};
		82AEF6942C4AA3090086AF08 /* Core */ = {
			isa = PBXGroup;
			children = (
				82CCCCF92C568DCC00EE93A9 /* Launch */,
				82AEF69A2C4AA4A70086AF08 /* Components */,
				82AEF6952C4AA33A0086AF08 /* Home */,
				827FE89F2C5514DD00AE9A8C /* Detail */,
				82CCCCF32C567A8400EE93A9 /* Settings */,
			);
			path = Core;
			sourceTree = "<group>";
		};
		82AEF6952C4AA33A0086AF08 /* Home */ = {
			isa = PBXGroup;
			children = (
				82AEF6972C4AA34C0086AF08 /* ViewModels */,
				82AEF6962C4AA3440086AF08 /* Views */,
			);
			path = Home;
			sourceTree = "<group>";
		};
		82AEF6962C4AA3440086AF08 /* Views */ = {
			isa = PBXGroup;
			children = (
				82AEF6982C4AA36C0086AF08 /* HomeView.swift */,
				82AEF6C22C4D10610086AF08 /* HomeStatsView.swift */,
				82AEF6A32C4BC1C10086AF08 /* CoinRowView.swift */,
				82AEF6C82C4D2A1B0086AF08 /* PortfolioView.swift */,
			);
			path = Views;
			sourceTree = "<group>";
		};
		82AEF6972C4AA34C0086AF08 /* ViewModels */ = {
			isa = PBXGroup;
			children = (
				82AEF6A92C4BD2210086AF08 /* HomeViewModel.swift */,
			);
			path = ViewModels;
			sourceTree = "<group>";
		};
		82AEF69A2C4AA4A70086AF08 /* Components */ = {
			isa = PBXGroup;
			children = (
				82AEF6B12C4BFBEB0086AF08 /* CoinImage */,
				82AEF69B2C4AA4CF0086AF08 /* CircleButton */,
				82AEF6BA2C4CD3F10086AF08 /* SearchBarView.swift */,
				82AEF6C02C4D0D2C0086AF08 /* StatisticView.swift */,
			);
			path = Components;
			sourceTree = "<group>";
		};
		82AEF69B2C4AA4CF0086AF08 /* CircleButton */ = {
			isa = PBXGroup;
			children = (
				82AEF69C2C4AA4EF0086AF08 /* CircleButtonView.swift */,
				82AEF69E2C4AA8B20086AF08 /* CircleButtonAnimationView.swift */,
			);
			path = CircleButton;
			sourceTree = "<group>";
		};
		82AEF6A02C4BB7EF0086AF08 /* Models */ = {
			isa = PBXGroup;
			children = (
				82AEF6A12C4BB80D0086AF08 /* CoinModel.swift */,
				827FE8A42C552CF900AE9A8C /* CoinDetailModel.swift */,
				82AEF6BE2C4D0B990086AF08 /* StatisticModel.swift */,
				82AEF6C42C4D12E50086AF08 /* MarketDataModel.swift */,
				821FB6182C524E6200418311 /* PortfolioContainer.xcdatamodeld */,
			);
			path = Models;
			sourceTree = "<group>";
		};
		82AEF6AB2C4BDBAE0086AF08 /* Services */ = {
			isa = PBXGroup;
			children = (
				82AEF6AC2C4BDBE20086AF08 /* CoinDataService.swift */,
				827FE8A82C5531D000AE9A8C /* CoinDetailDataService.swift */,
				82AEF6B42C4BFDE10086AF08 /* CoinImageService.swift */,
				82AEF6C62C4D176B0086AF08 /* MarketDataService.swift */,
				821FB61B2C524F3F00418311 /* PortfolioDataService.swift */,
			);
			path = Services;
			sourceTree = "<group>";
		};
		82AEF6AE2C4BF59D0086AF08 /* Utilities */ = {
			isa = PBXGroup;
			children = (
				82AEF6AF2C4BF5BA0086AF08 /* NetworkingManager.swift */,
				82AEF6B82C4CC6550086AF08 /* LocalFileManager.swift */,
				827FE89D2C54FDEF00AE9A8C /* HapticManager.swift */,
			);
			path = Utilities;
			sourceTree = "<group>";
		};
		82AEF6B12C4BFBEB0086AF08 /* CoinImage */ = {
			isa = PBXGroup;
			children = (
				82AEF6B22C4BFC1F0086AF08 /* CoinImageView.swift */,
				82AEF6B62C4BFFFD0086AF08 /* CoinImageViewModel.swift */,
				82AEF6CC2C4D2F850086AF08 /* CoinLogoView.swift */,
			);
			path = CoinImage;
			sourceTree = "<group>";
		};
		82B414422C47D5C90069BEE3 /* AppUtils */ = {
			isa = PBXGroup;
			children = (
				82157B482C47D0700053472A /* Assets.xcassets */,
				82157B442C47D06F0053472A /* CryptoAppApp.swift */,
			);
			path = AppUtils;
			sourceTree = "<group>";
		};
		82B414432C47E87A0069BEE3 /* Extensions */ = {
			isa = PBXGroup;
			children = (
				82B414442C47E8E00069BEE3 /* Color.swift */,
				82AEF6A52C4BC28C0086AF08 /* PreviewProvider.swift */,
				82AEF6A72C4BC8960086AF08 /* Double.swift */,
				82AEF6BC2C4CD9DB0086AF08 /* UIApplication.swift */,
				82CCCCEF2C56545B00EE93A9 /* Date.swift */,
				82CCCCF12C56691500EE93A9 /* String.swift */,
			);
			path = Extensions;
			sourceTree = "<group>";
		};
		82CCCCF32C567A8400EE93A9 /* Settings */ = {
			isa = PBXGroup;
			children = (
				82CCCCF42C567A8F00EE93A9 /* View */,
			);
			path = Settings;
			sourceTree = "<group>";
		};
		82CCCCF42C567A8F00EE93A9 /* View */ = {
			isa = PBXGroup;
			children = (
				82CCCCF52C567A9F00EE93A9 /* SettingView.swift */,
			);
			path = View;
			sourceTree = "<group>";
		};
		82CCCCF92C568DCC00EE93A9 /* Launch */ = {
			isa = PBXGroup;
			children = (
				82CCCCFA2C568DD600EE93A9 /* View */,
			);
			path = Launch;
			sourceTree = "<group>";
		};
		82CCCCFA2C568DD600EE93A9 /* View */ = {
			isa = PBXGroup;
			children = (
				82CCCCF72C56848C00EE93A9 /* Launch Screen.storyboard */,
				82CCCCFB2C568DE500EE93A9 /* LaunchView.swift */,
			);
			path = View;
			sourceTree = "<group>";
		};
/* End PBXGroup section */

/* Begin PBXNativeTarget section */
		82157B402C47D06F0053472A /* CryptoApp */ = {
			isa = PBXNativeTarget;
			buildConfigurationList = 82157B4F2C47D0700053472A /* Build configuration list for PBXNativeTarget "CryptoApp" */;
			buildPhases = (
				82157B3D2C47D06F0053472A /* Sources */,
				82157B3E2C47D06F0053472A /* Frameworks */,
				82157B3F2C47D06F0053472A /* Resources */,
			);
			buildRules = (
			);
			dependencies = (
			);
			name = CryptoApp;
			productName = CryptoApp;
			productReference = 82157B412C47D06F0053472A /* CryptoApp.app */;
			productType = "com.apple.product-type.application";
		};
/* End PBXNativeTarget section */

/* Begin PBXProject section */
		82157B392C47D06F0053472A /* Project object */ = {
			isa = PBXProject;
			attributes = {
				BuildIndependentTargetsInParallel = 1;
				LastSwiftUpdateCheck = 1540;
				LastUpgradeCheck = 1540;
				TargetAttributes = {
					82157B402C47D06F0053472A = {
						CreatedOnToolsVersion = 15.4;
					};
				};
			};
			buildConfigurationList = 82157B3C2C47D06F0053472A /* Build configuration list for PBXProject "CryptoApp" */;
			compatibilityVersion = "Xcode 14.0";
			developmentRegion = en;
			hasScannedForEncodings = 0;
			knownRegions = (
				en,
				Base,
			);
			mainGroup = 82157B382C47D06F0053472A;
			productRefGroup = 82157B422C47D06F0053472A /* Products */;
			projectDirPath = "";
			projectRoot = "";
			targets = (
				82157B402C47D06F0053472A /* CryptoApp */,
			);
		};
/* End PBXProject section */

/* Begin PBXResourcesBuildPhase section */
		82157B3F2C47D06F0053472A /* Resources */ = {
			isa = PBXResourcesBuildPhase;
			buildActionMask = 2147483647;
			files = (
				82CCCCF82C56848C00EE93A9 /* Launch Screen.storyboard in Resources */,
				82157B4C2C47D0700053472A /* Preview Assets.xcassets in Resources */,
				82157B492C47D0700053472A /* Assets.xcassets in Resources */,
			);
			runOnlyForDeploymentPostprocessing = 0;
		};
/* End PBXResourcesBuildPhase section */

/* Begin PBXSourcesBuildPhase section */
		82157B3D2C47D06F0053472A /* Sources */ = {
			isa = PBXSourcesBuildPhase;
			buildActionMask = 2147483647;
			files = (
				82AEF6BF2C4D0B990086AF08 /* StatisticModel.swift in Sources */,
				821FB61C2C524F3F00418311 /* PortfolioDataService.swift in Sources */,
				827FE89E2C54FDEF00AE9A8C /* HapticManager.swift in Sources */,
				82AEF6C72C4D176B0086AF08 /* MarketDataService.swift in Sources */,
				82AEF6CD2C4D2F850086AF08 /* CoinLogoView.swift in Sources */,
				82AEF6C12C4D0D2C0086AF08 /* StatisticView.swift in Sources */,
				82AEF6BD2C4CD9DB0086AF08 /* UIApplication.swift in Sources */,
				82AEF6B72C4BFFFD0086AF08 /* CoinImageViewModel.swift in Sources */,
				82AEF6B32C4BFC1F0086AF08 /* CoinImageView.swift in Sources */,
				82CCCCFC2C568DE500EE93A9 /* LaunchView.swift in Sources */,
				82AEF6992C4AA36C0086AF08 /* HomeView.swift in Sources */,
				82AEF6C92C4D2A1B0086AF08 /* PortfolioView.swift in Sources */,
				82157B452C47D06F0053472A /* CryptoAppApp.swift in Sources */,
				82AEF69F2C4AA8B20086AF08 /* CircleButtonAnimationView.swift in Sources */,
				827FE8A72C55319900AE9A8C /* DetailViewModel.swift in Sources */,
				82AEF6AA2C4BD2210086AF08 /* HomeViewModel.swift in Sources */,
				82AEF69D2C4AA4EF0086AF08 /* CircleButtonView.swift in Sources */,
				827FE8A32C55152500AE9A8C /* DetailView.swift in Sources */,
				82AEF6B92C4CC6550086AF08 /* LocalFileManager.swift in Sources */,
				82AEF6C32C4D10610086AF08 /* HomeStatsView.swift in Sources */,
				82AEF6A22C4BB80D0086AF08 /* CoinModel.swift in Sources */,
				827FE8A52C552CF900AE9A8C /* CoinDetailModel.swift in Sources */,
				82CCCCF62C567A9F00EE93A9 /* SettingView.swift in Sources */,
				82AEF6C52C4D12E50086AF08 /* MarketDataModel.swift in Sources */,
				82AEF6A62C4BC28C0086AF08 /* PreviewProvider.swift in Sources */,
				82CCCCF02C56545B00EE93A9 /* Date.swift in Sources */,
				82AEF6A42C4BC1C10086AF08 /* CoinRowView.swift in Sources */,
				82AEF6A82C4BC8960086AF08 /* Double.swift in Sources */,
				82AEF6B02C4BF5BA0086AF08 /* NetworkingManager.swift in Sources */,
				82B414452C47E8E00069BEE3 /* Color.swift in Sources */,
				821FB61A2C524E6200418311 /* PortfolioContainer.xcdatamodeld in Sources */,
				82AEF6B52C4BFDE10086AF08 /* CoinImageService.swift in Sources */,
				82CCCCEE2C564CE000EE93A9 /* ChartView.swift in Sources */,
				827FE8A92C5531D000AE9A8C /* CoinDetailDataService.swift in Sources */,
				82CCCCF22C56691500EE93A9 /* String.swift in Sources */,
				82AEF6BB2C4CD3F10086AF08 /* SearchBarView.swift in Sources */,
				82AEF6AD2C4BDBE20086AF08 /* CoinDataService.swift in Sources */,
			);
			runOnlyForDeploymentPostprocessing = 0;
		};
/* End PBXSourcesBuildPhase section */

/* Begin XCBuildConfiguration section */
		82157B4D2C47D0700053472A /* Debug */ = {
			isa = XCBuildConfiguration;
			buildSettings = {
				ALWAYS_SEARCH_USER_PATHS = NO;
				ASSETCATALOG_COMPILER_GENERATE_SWIFT_ASSET_SYMBOL_EXTENSIONS = YES;
				CLANG_ANALYZER_NONNULL = YES;
				CLANG_ANALYZER_NUMBER_OBJECT_CONVERSION = YES_AGGRESSIVE;
				CLANG_CXX_LANGUAGE_STANDARD = "gnu++20";
				CLANG_ENABLE_MODULES = YES;
				CLANG_ENABLE_OBJC_ARC = YES;
				CLANG_ENABLE_OBJC_WEAK = YES;
				CLANG_WARN_BLOCK_CAPTURE_AUTORELEASING = YES;
				CLANG_WARN_BOOL_CONVERSION = YES;
				CLANG_WARN_COMMA = YES;
				CLANG_WARN_CONSTANT_CONVERSION = YES;
				CLANG_WARN_DEPRECATED_OBJC_IMPLEMENTATIONS = YES;
				CLANG_WARN_DIRECT_OBJC_ISA_USAGE = YES_ERROR;
				CLANG_WARN_DOCUMENTATION_COMMENTS = YES;
				CLANG_WARN_EMPTY_BODY = YES;
				CLANG_WARN_ENUM_CONVERSION = YES;
				CLANG_WARN_INFINITE_RECURSION = YES;
				CLANG_WARN_INT_CONVERSION = YES;
				CLANG_WARN_NON_LITERAL_NULL_CONVERSION = YES;
				CLANG_WARN_OBJC_IMPLICIT_RETAIN_SELF = YES;
				CLANG_WARN_OBJC_LITERAL_CONVERSION = YES;
				CLANG_WARN_OBJC_ROOT_CLASS = YES_ERROR;
				CLANG_WARN_QUOTED_INCLUDE_IN_FRAMEWORK_HEADER = YES;
				CLANG_WARN_RANGE_LOOP_ANALYSIS = YES;
				CLANG_WARN_STRICT_PROTOTYPES = YES;
				CLANG_WARN_SUSPICIOUS_MOVE = YES;
				CLANG_WARN_UNGUARDED_AVAILABILITY = YES_AGGRESSIVE;
				CLANG_WARN_UNREACHABLE_CODE = YES;
				CLANG_WARN__DUPLICATE_METHOD_MATCH = YES;
				COPY_PHASE_STRIP = NO;
				DEBUG_INFORMATION_FORMAT = dwarf;
				ENABLE_STRICT_OBJC_MSGSEND = YES;
				ENABLE_TESTABILITY = YES;
				ENABLE_USER_SCRIPT_SANDBOXING = YES;
				GCC_C_LANGUAGE_STANDARD = gnu17;
				GCC_DYNAMIC_NO_PIC = NO;
				GCC_NO_COMMON_BLOCKS = YES;
				GCC_OPTIMIZATION_LEVEL = 0;
				GCC_PREPROCESSOR_DEFINITIONS = (
					"DEBUG=1",
					"$(inherited)",
				);
				GCC_WARN_64_TO_32_BIT_CONVERSION = YES;
				GCC_WARN_ABOUT_RETURN_TYPE = YES_ERROR;
				GCC_WARN_UNDECLARED_SELECTOR = YES;
				GCC_WARN_UNINITIALIZED_AUTOS = YES_AGGRESSIVE;
				GCC_WARN_UNUSED_FUNCTION = YES;
				GCC_WARN_UNUSED_VARIABLE = YES;
				IPHONEOS_DEPLOYMENT_TARGET = 17.5;
				LOCALIZATION_PREFERS_STRING_CATALOGS = YES;
				MTL_ENABLE_DEBUG_INFO = INCLUDE_SOURCE;
				MTL_FAST_MATH = YES;
				ONLY_ACTIVE_ARCH = YES;
				SDKROOT = iphoneos;
				SWIFT_ACTIVE_COMPILATION_CONDITIONS = "DEBUG $(inherited)";
				SWIFT_OPTIMIZATION_LEVEL = "-Onone";
			};
			name = Debug;
		};
		82157B4E2C47D0700053472A /* Release */ = {
			isa = XCBuildConfiguration;
			buildSettings = {
				ALWAYS_SEARCH_USER_PATHS = NO;
				ASSETCATALOG_COMPILER_GENERATE_SWIFT_ASSET_SYMBOL_EXTENSIONS = YES;
				CLANG_ANALYZER_NONNULL = YES;
				CLANG_ANALYZER_NUMBER_OBJECT_CONVERSION = YES_AGGRESSIVE;
				CLANG_CXX_LANGUAGE_STANDARD = "gnu++20";
				CLANG_ENABLE_MODULES = YES;
				CLANG_ENABLE_OBJC_ARC = YES;
				CLANG_ENABLE_OBJC_WEAK = YES;
				CLANG_WARN_BLOCK_CAPTURE_AUTORELEASING = YES;
				CLANG_WARN_BOOL_CONVERSION = YES;
				CLANG_WARN_COMMA = YES;
				CLANG_WARN_CONSTANT_CONVERSION = YES;
				CLANG_WARN_DEPRECATED_OBJC_IMPLEMENTATIONS = YES;
				CLANG_WARN_DIRECT_OBJC_ISA_USAGE = YES_ERROR;
				CLANG_WARN_DOCUMENTATION_COMMENTS = YES;
				CLANG_WARN_EMPTY_BODY = YES;
				CLANG_WARN_ENUM_CONVERSION = YES;
				CLANG_WARN_INFINITE_RECURSION = YES;
				CLANG_WARN_INT_CONVERSION = YES;
				CLANG_WARN_NON_LITERAL_NULL_CONVERSION = YES;
				CLANG_WARN_OBJC_IMPLICIT_RETAIN_SELF = YES;
				CLANG_WARN_OBJC_LITERAL_CONVERSION = YES;
				CLANG_WARN_OBJC_ROOT_CLASS = YES_ERROR;
				CLANG_WARN_QUOTED_INCLUDE_IN_FRAMEWORK_HEADER = YES;
				CLANG_WARN_RANGE_LOOP_ANALYSIS = YES;
				CLANG_WARN_STRICT_PROTOTYPES = YES;
				CLANG_WARN_SUSPICIOUS_MOVE = YES;
				CLANG_WARN_UNGUARDED_AVAILABILITY = YES_AGGRESSIVE;
				CLANG_WARN_UNREACHABLE_CODE = YES;
				CLANG_WARN__DUPLICATE_METHOD_MATCH = YES;
				COPY_PHASE_STRIP = NO;
				DEBUG_INFORMATION_FORMAT = "dwarf-with-dsym";
				ENABLE_NS_ASSERTIONS = NO;
				ENABLE_STRICT_OBJC_MSGSEND = YES;
				ENABLE_USER_SCRIPT_SANDBOXING = YES;
				GCC_C_LANGUAGE_STANDARD = gnu17;
				GCC_NO_COMMON_BLOCKS = YES;
				GCC_WARN_64_TO_32_BIT_CONVERSION = YES;
				GCC_WARN_ABOUT_RETURN_TYPE = YES_ERROR;
				GCC_WARN_UNDECLARED_SELECTOR = YES;
				GCC_WARN_UNINITIALIZED_AUTOS = YES_AGGRESSIVE;
				GCC_WARN_UNUSED_FUNCTION = YES;
				GCC_WARN_UNUSED_VARIABLE = YES;
				IPHONEOS_DEPLOYMENT_TARGET = 17.5;
				LOCALIZATION_PREFERS_STRING_CATALOGS = YES;
				MTL_ENABLE_DEBUG_INFO = NO;
				MTL_FAST_MATH = YES;
				SDKROOT = iphoneos;
				SWIFT_COMPILATION_MODE = wholemodule;
				VALIDATE_PRODUCT = YES;
			};
			name = Release;
		};
		82157B502C47D0700053472A /* Debug */ = {
			isa = XCBuildConfiguration;
			buildSettings = {
				ASSETCATALOG_COMPILER_APPICON_NAME = AppIcon;
				ASSETCATALOG_COMPILER_GLOBAL_ACCENT_COLOR_NAME = AccentColor;
				CODE_SIGN_STYLE = Automatic;
				CURRENT_PROJECT_VERSION = 1;
				DEVELOPMENT_ASSET_PATHS = "\"CryptoApp/Preview Content\"";
				DEVELOPMENT_TEAM = D27FHR29X4;
				ENABLE_PREVIEWS = YES;
				GENERATE_INFOPLIST_FILE = YES;
				INFOPLIST_KEY_CFBundleDisplayName = "Crypto Tracker ";
				INFOPLIST_KEY_UIApplicationSceneManifest_Generation = YES;
				INFOPLIST_KEY_UIApplicationSupportsIndirectInputEvents = YES;
				INFOPLIST_KEY_UILaunchScreen_Generation = YES;
				INFOPLIST_KEY_UILaunchStoryboardName = "Launch Screen.storyboard";
				INFOPLIST_KEY_UISupportedInterfaceOrientations = UIInterfaceOrientationPortrait;
				IPHONEOS_DEPLOYMENT_TARGET = 15.0;
				LD_RUNPATH_SEARCH_PATHS = (
					"$(inherited)",
					"@executable_path/Frameworks",
				);
				MARKETING_VERSION = 1.0;
				PRODUCT_BUNDLE_IDENTIFIER = Azer.CryptoApp;
				PRODUCT_NAME = "$(TARGET_NAME)";
				SWIFT_EMIT_LOC_STRINGS = YES;
				SWIFT_VERSION = 5.0;
				TARGETED_DEVICE_FAMILY = "1,2";
			};
			name = Debug;
		};
		82157B512C47D0700053472A /* Release */ = {
			isa = XCBuildConfiguration;
			buildSettings = {
				ASSETCATALOG_COMPILER_APPICON_NAME = AppIcon;
				ASSETCATALOG_COMPILER_GLOBAL_ACCENT_COLOR_NAME = AccentColor;
				CODE_SIGN_STYLE = Automatic;
				CURRENT_PROJECT_VERSION = 1;
				DEVELOPMENT_ASSET_PATHS = "\"CryptoApp/Preview Content\"";
				DEVELOPMENT_TEAM = D27FHR29X4;
				ENABLE_PREVIEWS = YES;
				GENERATE_INFOPLIST_FILE = YES;
				INFOPLIST_KEY_CFBundleDisplayName = "Crypto Tracker ";
				INFOPLIST_KEY_UIApplicationSceneManifest_Generation = YES;
				INFOPLIST_KEY_UIApplicationSupportsIndirectInputEvents = YES;
				INFOPLIST_KEY_UILaunchScreen_Generation = YES;
				INFOPLIST_KEY_UILaunchStoryboardName = "Launch Screen.storyboard";
				INFOPLIST_KEY_UISupportedInterfaceOrientations = UIInterfaceOrientationPortrait;
				IPHONEOS_DEPLOYMENT_TARGET = 15.0;
				LD_RUNPATH_SEARCH_PATHS = (
					"$(inherited)",
					"@executable_path/Frameworks",
				);
				MARKETING_VERSION = 1.0;
				PRODUCT_BUNDLE_IDENTIFIER = Azer.CryptoApp;
				PRODUCT_NAME = "$(TARGET_NAME)";
				SWIFT_EMIT_LOC_STRINGS = YES;
				SWIFT_VERSION = 5.0;
				TARGETED_DEVICE_FAMILY = "1,2";
			};
			name = Release;
		};
/* End XCBuildConfiguration section */

/* Begin XCConfigurationList section */
		82157B3C2C47D06F0053472A /* Build configuration list for PBXProject "CryptoApp" */ = {
			isa = XCConfigurationList;
			buildConfigurations = (
				82157B4D2C47D0700053472A /* Debug */,
				82157B4E2C47D0700053472A /* Release */,
			);
			defaultConfigurationIsVisible = 0;
			defaultConfigurationName = Release;
		};
		82157B4F2C47D0700053472A /* Build configuration list for PBXNativeTarget "CryptoApp" */ = {
			isa = XCConfigurationList;
			buildConfigurations = (
				82157B502C47D0700053472A /* Debug */,
				82157B512C47D0700053472A /* Release */,
			);
			defaultConfigurationIsVisible = 0;
			defaultConfigurationName = Release;
		};
/* End XCConfigurationList section */

/* Begin XCVersionGroup section */
		821FB6182C524E6200418311 /* PortfolioContainer.xcdatamodeld */ = {
			isa = XCVersionGroup;
			children = (
				821FB6192C524E6200418311 /* PortfolioContainer.xcdatamodel */,
			);
			currentVersion = 821FB6192C524E6200418311 /* PortfolioContainer.xcdatamodel */;
			name = PortfolioContainer.xcdatamodeld;
			path = /Users/azamjonabdumuxtorov/Desktop/Xcode/SwiftUI/CryptoApp/CryptoApp/Models/PortfolioContainer.xcdatamodeld;
			sourceTree = "<group>";
			versionGroupType = wrapper.xcdatamodel;
		};
/* End XCVersionGroup section */
	};
	rootObject = 82157B392C47D06F0053472A /* Project object */;
}
